
Microsoft Visual Studio Solution File, Format Version 12.00
# Visual Studio Version 16
VisualStudioVersion = 16.0.31702.278
MinimumVisualStudioVersion = 10.0.40219.1
Project("{FAE04EC0-301F-11D3-BF4B-00C04F79EFBC}") = "labor1", "labor1\labor1.csproj", "{8374BEA4-F57F-4154-AFEA-0D420EC037C9}"
EndProject
Global
	GlobalSection(SolutionConfigurationPlatforms) = preSolution
		Debug|Any CPU = Debug|Any CPU
		Release|Any CPU = Release|Any CPU
	EndGlobalSection
	GlobalSection(ProjectConfigurationPlatforms) = postSolution
		{8374BEA4-F57F-4154-AFEA-0D420EC037C9}.Debug|Any CPU.ActiveCfg = Debug|Any CPU
		{8374BEA4-F57F-4154-AFEA-0D420EC037C9}.Debug|Any CPU.Build.0 = Debug|Any CPU
		{8374BEA4-F57F-4154-AFEA-0D420EC037C9}.Release|Any CPU.ActiveCfg = Release|Any CPU
		{8374BEA4-F57F-4154-AFEA-0D420EC037C9}.Release|Any CPU.Build.0 = Release|Any CPU
	EndGlobalSection
	GlobalSection(SolutionProperties) = preSolution
		HideSolutionNode = FALSE
	EndGlobalSection
	GlobalSection(ExtensibilityGlobals) = postSolution
		SolutionGuid = {8CD68EAC-D8A5-4A86-BE3C-83C37CB28A41}
	EndGlobalSection
EndGlobal
